
Microsoft Visual Studio Solution File, Format Version 12.00
# Visual Studio Version 16
VisualStudioVersion = 16.0.30517.126
MinimumVisualStudioVersion = 10.0.40219.1
Project("{00D1A9C2-B5F0-4AF3-8072-F6C62B433612}") = "cryptocollector_db", "cryptocollector_db.sqlproj", "{010BF115-29A2-45AC-8146-D5ED9FCFA9B4}"
EndProject
Global
	GlobalSection(SolutionConfigurationPlatforms) = preSolution
		Debug|Any CPU = Debug|Any CPU
		Release|Any CPU = Release|Any CPU
	EndGlobalSection
	GlobalSection(ProjectConfigurationPlatforms) = postSolution
		{010BF115-29A2-45AC-8146-D5ED9FCFA9B4}.Debug|Any CPU.ActiveCfg = Debug|Any CPU
		{010BF115-29A2-45AC-8146-D5ED9FCFA9B4}.Debug|Any CPU.Build.0 = Debug|Any CPU
		{010BF115-29A2-45AC-8146-D5ED9FCFA9B4}.Debug|Any CPU.Deploy.0 = Debug|Any CPU
		{010BF115-29A2-45AC-8146-D5ED9FCFA9B4}.Release|Any CPU.ActiveCfg = Release|Any CPU
		{010BF115-29A2-45AC-8146-D5ED9FCFA9B4}.Release|Any CPU.Build.0 = Release|Any CPU
		{010BF115-29A2-45AC-8146-D5ED9FCFA9B4}.Release|Any CPU.Deploy.0 = Release|Any CPU
	EndGlobalSection
	GlobalSection(SolutionProperties) = preSolution
		HideSolutionNode = FALSE
	EndGlobalSection
	GlobalSection(ExtensibilityGlobals) = postSolution
		SolutionGuid = {42514664-0E27-4D01-B809-3751751BDF86}
	EndGlobalSection
EndGlobal
